
Microsoft Visual Studio Solution File, Format Version 12.00
# Visual Studio Version 17
VisualStudioVersion = 17.9.34701.34
MinimumVisualStudioVersion = 10.0.40219.1
Project("{FAE04EC0-301F-11D3-BF4B-00C04F79EFBC}") = "Lab01-01", "Lab01-01\Lab01-01.csproj", "{3FCBF525-A246-417A-8D83-87E82A5B24B5}"
EndProject
Project("{FAE04EC0-301F-11D3-BF4B-00C04F79EFBC}") = "2280601178_NguyenGiaHuy_Lab01-02", "2280601178_NguyenGiaHuy_Lab01-02\2280601178_NguyenGiaHuy_Lab01-02.csproj", "{C3133D42-9F3D-416D-8D3F-43750DFED2FC}"
EndProject
Project("{FAE04EC0-301F-11D3-BF4B-00C04F79EFBC}") = "2280601178_NguyenGiaHuy_Lab01-03", "2280601178_NguyenGiaHuy_Lab01-03\2280601178_NguyenGiaHuy_Lab01-03.csproj", "{ED7029BD-8009-4335-B613-8DFFF38A1009}"
EndProject
Global
	GlobalSection(SolutionConfigurationPlatforms) = preSolution
		Debug|Any CPU = Debug|Any CPU
		Release|Any CPU = Release|Any CPU
	EndGlobalSection
	GlobalSection(ProjectConfigurationPlatforms) = postSolution
		{3FCBF525-A246-417A-8D83-87E82A5B24B5}.Debug|Any CPU.ActiveCfg = Debug|Any CPU
		{3FCBF525-A246-417A-8D83-87E82A5B24B5}.Debug|Any CPU.Build.0 = Debug|Any CPU
		{3FCBF525-A246-417A-8D83-87E82A5B24B5}.Release|Any CPU.ActiveCfg = Release|Any CPU
		{3FCBF525-A246-417A-8D83-87E82A5B24B5}.Release|Any CPU.Build.0 = Release|Any CPU
		{C3133D42-9F3D-416D-8D3F-43750DFED2FC}.Debug|Any CPU.ActiveCfg = Debug|Any CPU
		{C3133D42-9F3D-416D-8D3F-43750DFED2FC}.Debug|Any CPU.Build.0 = Debug|Any CPU
		{C3133D42-9F3D-416D-8D3F-43750DFED2FC}.Release|Any CPU.ActiveCfg = Release|Any CPU
		{C3133D42-9F3D-416D-8D3F-43750DFED2FC}.Release|Any CPU.Build.0 = Release|Any CPU
		{ED7029BD-8009-4335-B613-8DFFF38A1009}.Debug|Any CPU.ActiveCfg = Debug|Any CPU
		{ED7029BD-8009-4335-B613-8DFFF38A1009}.Debug|Any CPU.Build.0 = Debug|Any CPU
		{ED7029BD-8009-4335-B613-8DFFF38A1009}.Release|Any CPU.ActiveCfg = Release|Any CPU
		{ED7029BD-8009-4335-B613-8DFFF38A1009}.Release|Any CPU.Build.0 = Release|Any CPU
	EndGlobalSection
	GlobalSection(SolutionProperties) = preSolution
		HideSolutionNode = FALSE
	EndGlobalSection
	GlobalSection(ExtensibilityGlobals) = postSolution
		SolutionGuid = {C82A4C92-E42F-4AF1-9D0D-7D3FC805B906}
	EndGlobalSection
EndGlobal
